
Microsoft Visual Studio Solution File, Format Version 12.00
# Visual Studio Version 16
VisualStudioVersion = 16.0.31624.102
MinimumVisualStudioVersion = 10.0.40219.1
Project("{FAE04EC0-301F-11D3-BF4B-00C04F79EFBC}") = "CSharp-2d-arrays", "CSharp-2d-arrays\CSharp-2d-arrays.csproj", "{943FC179-1736-4190-A722-6C7FCB156917}"
EndProject
Global
	GlobalSection(SolutionConfigurationPlatforms) = preSolution
		Debug|Any CPU = Debug|Any CPU
		Release|Any CPU = Release|Any CPU
	EndGlobalSection
	GlobalSection(ProjectConfigurationPlatforms) = postSolution
		{943FC179-1736-4190-A722-6C7FCB156917}.Debug|Any CPU.ActiveCfg = Debug|Any CPU
		{943FC179-1736-4190-A722-6C7FCB156917}.Debug|Any CPU.Build.0 = Debug|Any CPU
		{943FC179-1736-4190-A722-6C7FCB156917}.Release|Any CPU.ActiveCfg = Release|Any CPU
		{943FC179-1736-4190-A722-6C7FCB156917}.Release|Any CPU.Build.0 = Release|Any CPU
	EndGlobalSection
	GlobalSection(SolutionProperties) = preSolution
		HideSolutionNode = FALSE
	EndGlobalSection
	GlobalSection(ExtensibilityGlobals) = postSolution
		SolutionGuid = {09B59E0F-1CB8-48E8-A041-2D4A891C50C8}
	EndGlobalSection
EndGlobal
